
Microsoft Visual Studio Solution File, Format Version 12.00
# Visual Studio Version 17
VisualStudioVersion = 17.14.36518.9
MinimumVisualStudioVersion = 10.0.40219.1
Project("{FAE04EC0-301F-11D3-BF4B-00C04F79EFBC}") = "Domain", "Domain\Domain.csproj", "{6831CCC7-0816-4445-A4A9-E1A2BFE9F1AC}"
EndProject
Project("{FAE04EC0-301F-11D3-BF4B-00C04F79EFBC}") = "DataAccess", "DataAccess\DataAccess.csproj", "{A52E6347-C4E8-4F00-AFA1-84875FDA1ACB}"
EndProject
Project("{FAE04EC0-301F-11D3-BF4B-00C04F79EFBC}") = "Presentation", "Presentation\Presentation.csproj", "{1391A2EA-EE04-4C32-A194-0F7A46E3ECC8}"
EndProject
Project("{2150E333-8FDC-42A3-9474-1A3956D46DE8}") = "Solution Items", "Solution Items", "{8EC462FD-D22E-90A8-E5CE-7E832BA40C5D}"
	ProjectSection(SolutionItems) = preProject
		TestData\bulkimport-sample.json.json = TestData\bulkimport-sample.json.json
	EndProjectSection
EndProject
Global
	GlobalSection(SolutionConfigurationPlatforms) = preSolution
		Debug|Any CPU = Debug|Any CPU
		Release|Any CPU = Release|Any CPU
	EndGlobalSection
	GlobalSection(ProjectConfigurationPlatforms) = postSolution
		{6831CCC7-0816-4445-A4A9-E1A2BFE9F1AC}.Debug|Any CPU.ActiveCfg = Debug|Any CPU
		{6831CCC7-0816-4445-A4A9-E1A2BFE9F1AC}.Debug|Any CPU.Build.0 = Debug|Any CPU
		{6831CCC7-0816-4445-A4A9-E1A2BFE9F1AC}.Release|Any CPU.ActiveCfg = Release|Any CPU
		{6831CCC7-0816-4445-A4A9-E1A2BFE9F1AC}.Release|Any CPU.Build.0 = Release|Any CPU
		{A52E6347-C4E8-4F00-AFA1-84875FDA1ACB}.Debug|Any CPU.ActiveCfg = Debug|Any CPU
		{A52E6347-C4E8-4F00-AFA1-84875FDA1ACB}.Debug|Any CPU.Build.0 = Debug|Any CPU
		{A52E6347-C4E8-4F00-AFA1-84875FDA1ACB}.Release|Any CPU.ActiveCfg = Release|Any CPU
		{A52E6347-C4E8-4F00-AFA1-84875FDA1ACB}.Release|Any CPU.Build.0 = Release|Any CPU
		{1391A2EA-EE04-4C32-A194-0F7A46E3ECC8}.Debug|Any CPU.ActiveCfg = Debug|Any CPU
		{1391A2EA-EE04-4C32-A194-0F7A46E3ECC8}.Debug|Any CPU.Build.0 = Debug|Any CPU
		{1391A2EA-EE04-4C32-A194-0F7A46E3ECC8}.Release|Any CPU.ActiveCfg = Release|Any CPU
		{1391A2EA-EE04-4C32-A194-0F7A46E3ECC8}.Release|Any CPU.Build.0 = Release|Any CPU
	EndGlobalSection
	GlobalSection(SolutionProperties) = preSolution
		HideSolutionNode = FALSE
	EndGlobalSection
	GlobalSection(ExtensibilityGlobals) = postSolution
		SolutionGuid = {8DB87C0E-89F2-4E54-8D31-1FF3C5ACB190}
	EndGlobalSection
EndGlobal
